// !$*UTF8*$!
{
	archiveVersion = 1;
	classes = {
	};
	objectVersion = 46;
	objects = {

/* Begin PBXBuildFile section */
		4F87D1F11AE401750050952A /* CExpandHeader.swift in Sources */ = {isa = PBXBuildFile; fileRef = 4F87D1F01AE401750050952A /* CExpandHeader.swift */; };
		4F87D1F31AE4084B0050952A /* image.png in Resources */ = {isa = PBXBuildFile; fileRef = 4F87D1F21AE4084B0050952A /* image.png */; };
		4F90D6BA1AE2E24F002D37A1 /* AppDelegate.swift in Sources */ = {isa = PBXBuildFile; fileRef = 4F90D6B91AE2E24F002D37A1 /* AppDelegate.swift */; };
		4F90D6BC1AE2E24F002D37A1 /* ViewController.swift in Sources */ = {isa = PBXBuildFile; fileRef = 4F90D6BB1AE2E24F002D37A1 /* ViewController.swift */; };
		4F90D6BF1AE2E24F002D37A1 /* Main.storyboard in Resources */ = {isa = PBXBuildFile; fileRef = 4F90D6BD1AE2E24F002D37A1 /* Main.storyboard */; };
		4F90D6C11AE2E24F002D37A1 /* Images.xcassets in Resources */ = {isa = PBXBuildFile; fileRef = 4F90D6C01AE2E24F002D37A1 /* Images.xcassets */; };
		4F90D6C41AE2E24F002D37A1 /* LaunchScreen.xib in Resources */ = {isa = PBXBuildFile; fileRef = 4F90D6C21AE2E24F002D37A1 /* LaunchScreen.xib */; };
		4F90D6D01AE2E250002D37A1 /* ExtendHeadTests.swift in Sources */ = {isa = PBXBuildFile; fileRef = 4F90D6CF1AE2E250002D37A1 /* ExtendHeadTests.swift */; };
/* End PBXBuildFile section */

/* Begin PBXContainerItemProxy section */
		4F90D6CA1AE2E250002D37A1 /* PBXContainerItemProxy */ = {
			isa = PBXContainerItemProxy;
			containerPortal = 4F90D6AC1AE2E24F002D37A1 /* Project object */;
			proxyType = 1;
			remoteGlobalIDString = 4F90D6B31AE2E24F002D37A1;
			remoteInfo = ExtendHead;
		};
/* End PBXContainerItemProxy section */

/* Begin PBXFileReference section */
		4F87D1F01AE401750050952A /* CExpandHeader.swift */ = {isa = PBXFileReference; fileEncoding = 4; lastKnownFileType = sourcecode.swift; path = CExpandHeader.swift; sourceTree = "<group>"; };
		4F87D1F21AE4084B0050952A /* image.png */ = {isa = PBXFileReference; lastKnownFileType = image.png; path = image.png; sourceTree = "<group>"; };
		4F90D6B41AE2E24F002D37A1 /* ExtendHead.app */ = {isa = PBXFileReference; explicitFileType = wrapper.application; includeInIndex = 0; path = ExtendHead.app; sourceTree = BUILT_PRODUCTS_DIR; };
		4F90D6B81AE2E24F002D37A1 /* Info.plist */ = {isa = PBXFileReference; lastKnownFileType = text.plist.xml; path = Info.plist; sourceTree = "<group>"; };
		4F90D6B91AE2E24F002D37A1 /* AppDelegate.swift */ = {isa = PBXFileReference; lastKnownFileType = sourcecode.swift; path = AppDelegate.swift; sourceTree = "<group>"; };
		4F90D6BB1AE2E24F002D37A1 /* ViewController.swift */ = {isa = PBXFileReference; lastKnownFileType = sourcecode.swift; path = ViewController.swift; sourceTree = "<group>"; };
		4F90D6BE1AE2E24F002D37A1 /* Base */ = {isa = PBXFileReference; lastKnownFileType = file.storyboard; name = Base; path = Base.lproj/Main.storyboard; sourceTree = "<group>"; };
		4F90D6C01AE2E24F002D37A1 /* Images.xcassets */ = {isa = PBXFileReference; lastKnownFileType = folder.assetcatalog; path = Images.xcassets; sourceTree = "<group>"; };
		4F90D6C31AE2E24F002D37A1 /* Base */ = {isa = PBXFileReference; lastKnownFileType = file.xib; name = Base; path = Base.lproj/LaunchScreen.xib; sourceTree = "<group>"; };
		4F90D6C91AE2E250002D37A1 /* ExtendHeadTests.xctest */ = {isa = PBXFileReference; explicitFileType = wrapper.cfbundle; includeInIndex = 0; path = ExtendHeadTests.xctest; sourceTree = BUILT_PRODUCTS_DIR; };
		4F90D6CE1AE2E250002D37A1 /* Info.plist */ = {isa = PBXFileReference; lastKnownFileType = text.plist.xml; path = Info.plist; sourceTree = "<group>"; };
		4F90D6CF1AE2E250002D37A1 /* ExtendHeadTests.swift */ = {isa = PBXFileReference; lastKnownFileType = sourcecode.swift; path = ExtendHeadTests.swift; sourceTree = "<group>"; };
/* End PBXFileReference section */

/* Begin PBXFrameworksBuildPhase section */
		4F90D6B11AE2E24F002D37A1 /* Frameworks */ = {
			isa = PBXFrameworksBuildPhase;
			buildActionMask = 2147483647;
			files = (
			);
			runOnlyForDeploymentPostprocessing = 0;
		};
		4F90D6C61AE2E250002D37A1 /* Frameworks */ = {
			isa = PBXFrameworksBuildPhase;
			buildActionMask = 2147483647;
			files = (
			);
			runOnlyForDeploymentPostprocessing = 0;
		};
/* End PBXFrameworksBuildPhase section */

/* Begin PBXGroup section */
		4F90D6AB1AE2E24F002D37A1 = {
			isa = PBXGroup;
			children = (
				4F90D6B61AE2E24F002D37A1 /* ExtendHead */,
				4F90D6CC1AE2E250002D37A1 /* ExtendHeadTests */,
				4F90D6B51AE2E24F002D37A1 /* Products */,
			);
			sourceTree = "<group>";
		};
		4F90D6B51AE2E24F002D37A1 /* Products */ = {
			isa = PBXGroup;
			children = (
				4F90D6B41AE2E24F002D37A1 /* ExtendHead.app */,
				4F90D6C91AE2E250002D37A1 /* ExtendHeadTests.xctest */,
			);
			name = Products;
			sourceTree = "<group>";
		};
		4F90D6B61AE2E24F002D37A1 /* ExtendHead */ = {
			isa = PBXGroup;
			children = (
				4F87D1F21AE4084B0050952A /* image.png */,
				4F90D6B91AE2E24F002D37A1 /* AppDelegate.swift */,
				4F90D6BB1AE2E24F002D37A1 /* ViewController.swift */,
				4F90D6BD1AE2E24F002D37A1 /* Main.storyboard */,
				4F90D6C01AE2E24F002D37A1 /* Images.xcassets */,
				4F90D6C21AE2E24F002D37A1 /* LaunchScreen.xib */,
				4F90D6B71AE2E24F002D37A1 /* Supporting Files */,
				4F87D1F01AE401750050952A /* CExpandHeader.swift */,
			);
			path = ExtendHead;
			sourceTree = "<group>";
		};
		4F90D6B71AE2E24F002D37A1 /* Supporting Files */ = {
			isa = PBXGroup;
			children = (
				4F90D6B81AE2E24F002D37A1 /* Info.plist */,
			);
			name = "Supporting Files";
			sourceTree = "<group>";
		};
		4F90D6CC1AE2E250002D37A1 /* ExtendHeadTests */ = {
			isa = PBXGroup;
			children = (
				4F90D6CF1AE2E250002D37A1 /* ExtendHeadTests.swift */,
				4F90D6CD1AE2E250002D37A1 /* Supporting Files */,
			);
			path = ExtendHeadTests;
			sourceTree = "<group>";
		};
		4F90D6CD1AE2E250002D37A1 /* Supporting Files */ = {
			isa = PBXGroup;
			children = (
				4F90D6CE1AE2E250002D37A1 /* Info.plist */,
			);
			name = "Supporting Files";
			sourceTree = "<group>";
		};
/* End PBXGroup section */

/* Begin PBXNativeTarget section */
		4F90D6B31AE2E24F002D37A1 /* ExtendHead */ = {
			isa = PBXNativeTarget;
			buildConfigurationList = 4F90D6D31AE2E250002D37A1 /* Build configuration list for PBXNativeTarget "ExtendHead" */;
			buildPhases = (
				4F90D6B01AE2E24F002D37A1 /* Sources */,
				4F90D6B11AE2E24F002D37A1 /* Frameworks */,
				4F90D6B21AE2E24F002D37A1 /* Resources */,
			);
			buildRules = (
			);
			dependencies = (
			);
			name = ExtendHead;
			productName = ExtendHead;
			productReference = 4F90D6B41AE2E24F002D37A1 /* ExtendHead.app */;
			productType = "com.apple.product-type.application";
		};
		4F90D6C81AE2E250002D37A1 /* ExtendHeadTests */ = {
			isa = PBXNativeTarget;
			buildConfigurationList = 4F90D6D61AE2E250002D37A1 /* Build configuration list for PBXNativeTarget "ExtendHeadTests" */;
			buildPhases = (
				4F90D6C51AE2E250002D37A1 /* Sources */,
				4F90D6C61AE2E250002D37A1 /* Frameworks */,
				4F90D6C71AE2E250002D37A1 /* Resources */,
			);
			buildRules = (
			);
			dependencies = (
				4F90D6CB1AE2E250002D37A1 /* PBXTargetDependency */,
			);
			name = ExtendHeadTests;
			productName = ExtendHeadTests;
			productReference = 4F90D6C91AE2E250002D37A1 /* ExtendHeadTests.xctest */;
			productType = "com.apple.product-type.bundle.unit-test";
		};
/* End PBXNativeTarget section */

/* Begin PBXProject section */
		4F90D6AC1AE2E24F002D37A1 /* Project object */ = {
			isa = PBXProject;
			attributes = {
				LastUpgradeCheck = 0630;
				ORGANIZATIONNAME = Vincent;
				TargetAttributes = {
					4F90D6B31AE2E24F002D37A1 = {
						CreatedOnToolsVersion = 6.3;
					};
					4F90D6C81AE2E250002D37A1 = {
						CreatedOnToolsVersion = 6.3;
						TestTargetID = 4F90D6B31AE2E24F002D37A1;
					};
				};
			};
			buildConfigurationList = 4F90D6AF1AE2E24F002D37A1 /* Build configuration list for PBXProject "ExtendHead" */;
			compatibilityVersion = "Xcode 3.2";
			developmentRegion = English;
			hasScannedForEncodings = 0;
			knownRegions = (
				en,
				Base,
			);
			mainGroup = 4F90D6AB1AE2E24F002D37A1;
			productRefGroup = 4F90D6B51AE2E24F002D37A1 /* Products */;
			projectDirPath = "";
			projectRoot = "";
			targets = (
				4F90D6B31AE2E24F002D37A1 /* ExtendHead */,
				4F90D6C81AE2E250002D37A1 /* ExtendHeadTests */,
			);
		};
/* End PBXProject section */

/* Begin PBXResourcesBuildPhase section */
		4F90D6B21AE2E24F002D37A1 /* Resources */ = {
			isa = PBXResourcesBuildPhase;
			buildActionMask = 2147483647;
			files = (
				4F90D6BF1AE2E24F002D37A1 /* Main.storyboard in Resources */,
				4F90D6C41AE2E24F002D37A1 /* LaunchScreen.xib in Resources */,
				4F90D6C11AE2E24F002D37A1 /* Images.xcassets in Resources */,
				4F87D1F31AE4084B0050952A /* image.png in Resources */,
			);
			runOnlyForDeploymentPostprocessing = 0;
		};
		4F90D6C71AE2E250002D37A1 /* Resources */ = {
			isa = PBXResourcesBuildPhase;
			buildActionMask = 2147483647;
			files = (
			);
			runOnlyForDeploymentPostprocessing = 0;
		};
/* End PBXResourcesBuildPhase section */

/* Begin PBXSourcesBuildPhase section */
		4F90D6B01AE2E24F002D37A1 /* Sources */ = {
			isa = PBXSourcesBuildPhase;
			buildActionMask = 2147483647;
			files = (
				4F90D6BC1AE2E24F002D37A1 /* ViewController.swift in Sources */,
				4F90D6BA1AE2E24F002D37A1 /* AppDelegate.swift in Sources */,
				4F87D1F11AE401750050952A /* CExpandHeader.swift in Sources */,
			);
			runOnlyForDeploymentPostprocessing = 0;
		};
		4F90D6C51AE2E250002D37A1 /* Sources */ = {
			isa = PBXSourcesBuildPhase;
			buildActionMask = 2147483647;
			files = (
				4F90D6D01AE2E250002D37A1 /* ExtendHeadTests.swift in Sources */,
			);
			runOnlyForDeploymentPostprocessing = 0;
		};
/* End PBXSourcesBuildPhase section */

/* Begin PBXTargetDependency section */
		4F90D6CB1AE2E250002D37A1 /* PBXTargetDependency */ = {
			isa = PBXTargetDependency;
			target = 4F90D6B31AE2E24F002D37A1 /* ExtendHead */;
			targetProxy = 4F90D6CA1AE2E250002D37A1 /* PBXContainerItemProxy */;
		};
/* End PBXTargetDependency section */

/* Begin PBXVariantGroup section */
		4F90D6BD1AE2E24F002D37A1 /* Main.storyboard */ = {
			isa = PBXVariantGroup;
			children = (
				4F90D6BE1AE2E24F002D37A1 /* Base */,
			);
			name = Main.storyboard;
			sourceTree = "<group>";
		};
		4F90D6C21AE2E24F002D37A1 /* LaunchScreen.xib */ = {
			isa = PBXVariantGroup;
			children = (
				4F90D6C31AE2E24F002D37A1 /* Base */,
			);
			name = LaunchScreen.xib;
			sourceTree = "<group>";
		};
/* End PBXVariantGroup section */

/* Begin XCBuildConfiguration section */
		4F2E03F41AED5A7000F929AF /* Beta */ = {
			isa = XCBuildConfiguration;
			buildSettings = {
				ALWAYS_SEARCH_USER_PATHS = NO;
				CLANG_CXX_LANGUAGE_STANDARD = "gnu++0x";
				CLANG_CXX_LIBRARY = "libc++";
				CLANG_ENABLE_MODULES = YES;
				CLANG_ENABLE_OBJC_ARC = YES;
				CLANG_WARN_BOOL_CONVERSION = YES;
				CLANG_WARN_CONSTANT_CONVERSION = YES;
				CLANG_WARN_DIRECT_OBJC_ISA_USAGE = YES_ERROR;
				CLANG_WARN_EMPTY_BODY = YES;
				CLANG_WARN_ENUM_CONVERSION = YES;
				CLANG_WARN_INT_CONVERSION = YES;
				CLANG_WARN_OBJC_ROOT_CLASS = YES_ERROR;
				CLANG_WARN_UNREACHABLE_CODE = YES;
				CLANG_WARN__DUPLICATE_METHOD_MATCH = YES;
				"CODE_SIGN_IDENTITY[sdk=iphoneos*]" = "iPhone Developer";
				COPY_PHASE_STRIP = NO;
				DEBUG_INFORMATION_FORMAT = "dwarf-with-dsym";
				ENABLE_NS_ASSERTIONS = NO;
				ENABLE_STRICT_OBJC_MSGSEND = YES;
				GCC_C_LANGUAGE_STANDARD = gnu99;
				GCC_NO_COMMON_BLOCKS = YES;
				GCC_WARN_64_TO_32_BIT_CONVERSION = YES;
				GCC_WARN_ABOUT_RETURN_TYPE = YES_ERROR;
				GCC_WARN_UNDECLARED_SELECTOR = YES;
				GCC_WARN_UNINITIALIZED_AUTOS = YES_AGGRESSIVE;
				GCC_WARN_UNUSED_FUNCTION = YES;
				GCC_WARN_UNUSED_VARIABLE = YES;
				IPHONEOS_DEPLOYMENT_TARGET = 8.3;
				MTL_ENABLE_DEBUG_INFO = NO;
				SDKROOT = iphoneos;
				VALIDATE_PRODUCT = YES;
			};
			name = Beta;
		};
		4F2E03F51AED5A7000F929AF /* Beta */ = {
			isa = XCBuildConfiguration;
			buildSettings = {
				ASSETCATALOG_COMPILER_APPICON_NAME = AppIcon;
				BUNDLE_DISPLAYNAME_SUFFIX = ".β";
				BUNDLE_IDENTIFIER = com.wz.ExtendHeadbeta;
				INFOPLIST_FILE = ExtendHead/Info.plist;
				LD_RUNPATH_SEARCH_PATHS = "$(inherited) @executable_path/Frameworks";
				PRODUCT_NAME = "$(TARGET_NAME)";
			};
			name = Beta;
		};
		4F2E03F61AED5A7000F929AF /* Beta */ = {
			isa = XCBuildConfiguration;
			buildSettings = {
				BUNDLE_LOADER = "$(TEST_HOST)";
				FRAMEWORK_SEARCH_PATHS = (
					"$(SDKROOT)/Developer/Library/Frameworks",
					"$(inherited)",
				);
				INFOPLIST_FILE = ExtendHeadTests/Info.plist;
				LD_RUNPATH_SEARCH_PATHS = "$(inherited) @executable_path/Frameworks @loader_path/Frameworks";
				PRODUCT_NAME = "$(TARGET_NAME)";
				TEST_HOST = "$(BUILT_PRODUCTS_DIR)/ExtendHead.app/ExtendHead";
			};
			name = Beta;
		};
		4F90D6D11AE2E250002D37A1 /* Debug */ = {
			isa = XCBuildConfiguration;
			buildSettings = {
				ALWAYS_SEARCH_USER_PATHS = NO;
				CLANG_CXX_LANGUAGE_STANDARD = "gnu++0x";
				CLANG_CXX_LIBRARY = "libc++";
				CLANG_ENABLE_MODULES = YES;
				CLANG_ENABLE_OBJC_ARC = YES;
				CLANG_WARN_BOOL_CONVERSION = YES;
				CLANG_WARN_CONSTANT_CONVERSION = YES;
				CLANG_WARN_DIRECT_OBJC_ISA_USAGE = YES_ERROR;
				CLANG_WARN_EMPTY_BODY = YES;
				CLANG_WARN_ENUM_CONVERSION = YES;
				CLANG_WARN_INT_CONVERSION = YES;
				CLANG_WARN_OBJC_ROOT_CLASS = YES_ERROR;
				CLANG_WARN_UNREACHABLE_CODE = YES;
				CLANG_WARN__DUPLICATE_METHOD_MATCH = YES;
				"CODE_SIGN_IDENTITY[sdk=iphoneos*]" = "iPhone Developer";
				COPY_PHASE_STRIP = NO;
				DEBUG_INFORMATION_FORMAT = "dwarf-with-dsym";
				ENABLE_STRICT_OBJC_MSGSEND = YES;
				GCC_C_LANGUAGE_STANDARD = gnu99;
				GCC_DYNAMIC_NO_PIC = NO;
				GCC_NO_COMMON_BLOCKS = YES;
				GCC_OPTIMIZATION_LEVEL = 0;
				GCC_PREPROCESSOR_DEFINITIONS = (
					"DEBUG=1",
					"$(inherited)",
				);
				GCC_SYMBOLS_PRIVATE_EXTERN = NO;
				GCC_WARN_64_TO_32_BIT_CONVERSION = YES;
				GCC_WARN_ABOUT_RETURN_TYPE = YES_ERROR;
				GCC_WARN_UNDECLARED_SELECTOR = YES;
				GCC_WARN_UNINITIALIZED_AUTOS = YES_AGGRESSIVE;
				GCC_WARN_UNUSED_FUNCTION = YES;
				GCC_WARN_UNUSED_VARIABLE = YES;
				IPHONEOS_DEPLOYMENT_TARGET = 8.3;
				MTL_ENABLE_DEBUG_INFO = YES;
				ONLY_ACTIVE_ARCH = YES;
				SDKROOT = iphoneos;
				SWIFT_OPTIMIZATION_LEVEL = "-Onone";
			};
			name = Debug;
		};
		4F90D6D21AE2E250002D37A1 /* Release */ = {
			isa = XCBuildConfiguration;
			buildSettings = {
				ALWAYS_SEARCH_USER_PATHS = NO;
				CLANG_CXX_LANGUAGE_STANDARD = "gnu++0x";
				CLANG_CXX_LIBRARY = "libc++";
				CLANG_ENABLE_MODULES = YES;
				CLANG_ENABLE_OBJC_ARC = YES;
				CLANG_WARN_BOOL_CONVERSION = YES;
				CLANG_WARN_CONSTANT_CONVERSION = YES;
				CLANG_WARN_DIRECT_OBJC_ISA_USAGE = YES_ERROR;
				CLANG_WARN_EMPTY_BODY = YES;
				CLANG_WARN_ENUM_CONVERSION = YES;
				CLANG_WARN_INT_CONVERSION = YES;
				CLANG_WARN_OBJC_ROOT_CLASS = YES_ERROR;
				CLANG_WARN_UNREACHABLE_CODE = YES;
				CLANG_WARN__DUPLICATE_METHOD_MATCH = YES;
				"CODE_SIGN_IDENTITY[sdk=iphoneos*]" = "iPhone Developer";
				COPY_PHASE_STRIP = NO;
				DEBUG_INFORMATION_FORMAT = "dwarf-with-dsym";
				ENABLE_NS_ASSERTIONS = NO;
				ENABLE_STRICT_OBJC_MSGSEND = YES;
				GCC_C_LANGUAGE_STANDARD = gnu99;
				GCC_NO_COMMON_BLOCKS = YES;
				GCC_WARN_64_TO_32_BIT_CONVERSION = YES;
				GCC_WARN_ABOUT_RETURN_TYPE = YES_ERROR;
				GCC_WARN_UNDECLARED_SELECTOR = YES;
				GCC_WARN_UNINITIALIZED_AUTOS = YES_AGGRESSIVE;
				GCC_WARN_UNUSED_FUNCTION = YES;
				GCC_WARN_UNUSED_VARIABLE = YES;
				IPHONEOS_DEPLOYMENT_TARGET = 8.3;
				MTL_ENABLE_DEBUG_INFO = NO;
				SDKROOT = iphoneos;
				VALIDATE_PRODUCT = YES;
			};
			name = Release;
		};
		4F90D6D41AE2E250002D37A1 /* Debug */ = {
			isa = XCBuildConfiguration;
			buildSettings = {
				ASSETCATALOG_COMPILER_APPICON_NAME = AppIcon;
				BUNDLE_DISPLAYNAME_SUFFIX = ".α";
				BUNDLE_IDENTIFIER = com.wz.ExtendHeaddev;
				INFOPLIST_FILE = ExtendHead/Info.plist;
				LD_RUNPATH_SEARCH_PATHS = "$(inherited) @executable_path/Frameworks";
				PRODUCT_NAME = "$(TARGET_NAME)";
			};
			name = Debug;
		};
		4F90D6D51AE2E250002D37A1 /* Release */ = {
			isa = XCBuildConfiguration;
			buildSettings = {
				ASSETCATALOG_COMPILER_APPICON_NAME = AppIcon;
				BUNDLE_DISPLAYNAME_SUFFIX = "";
				BUNDLE_IDENTIFIER = com.wz.ExtendHead;
				INFOPLIST_FILE = ExtendHead/Info.plist;
				LD_RUNPATH_SEARCH_PATHS = "$(inherited) @executable_path/Frameworks";
				PRODUCT_NAME = "$(TARGET_NAME)";
			};
			name = Release;
		};
		4F90D6D71AE2E250002D37A1 /* Debug */ = {
			isa = XCBuildConfiguration;
			buildSettings = {
				BUNDLE_LOADER = "$(TEST_HOST)";
				FRAMEWORK_SEARCH_PATHS = (
					"$(SDKROOT)/Developer/Library/Frameworks",
					"$(inherited)",
				);
				GCC_PREPROCESSOR_DEFINITIONS = (
					"DEBUG=1",
					"$(inherited)",
				);
				INFOPLIST_FILE = ExtendHeadTests/Info.plist;
				LD_RUNPATH_SEARCH_PATHS = "$(inherited) @executable_path/Frameworks @loader_path/Frameworks";
				PRODUCT_NAME = "$(TARGET_NAME)";
				TEST_HOST = "$(BUILT_PRODUCTS_DIR)/ExtendHead.app/ExtendHead";
			};
			name = Debug;
		};
		4F90D6D81AE2E250002D37A1 /* Release */ = {
			isa = XCBuildConfiguration;
			buildSettings = {
				BUNDLE_LOADER = "$(TEST_HOST)";
				FRAMEWORK_SEARCH_PATHS = (
					"$(SDKROOT)/Developer/Library/Frameworks",
					"$(inherited)",
				);
				INFOPLIST_FILE = ExtendHeadTests/Info.plist;
				LD_RUNPATH_SEARCH_PATHS = "$(inherited) @executable_path/Frameworks @loader_path/Frameworks";
				PRODUCT_NAME = "$(TARGET_NAME)";
				TEST_HOST = "$(BUILT_PRODUCTS_DIR)/ExtendHead.app/ExtendHead";
			};
			name = Release;
		};
/* End XCBuildConfiguration section */

/* Begin XCConfigurationList section */
		4F90D6AF1AE2E24F002D37A1 /* Build configuration list for PBXProject "ExtendHead" */ = {
			isa = XCConfigurationList;
			buildConfigurations = (
				4F90D6D11AE2E250002D37A1 /* Debug */,
				4F90D6D21AE2E250002D37A1 /* Release */,
				4F2E03F41AED5A7000F929AF /* Beta */,
			);
			defaultConfigurationIsVisible = 0;
			defaultConfigurationName = Release;
		};
		4F90D6D31AE2E250002D37A1 /* Build configuration list for PBXNativeTarget "ExtendHead" */ = {
			isa = XCConfigurationList;
			buildConfigurations = (
				4F90D6D41AE2E250002D37A1 /* Debug */,
				4F90D6D51AE2E250002D37A1 /* Release */,
				4F2E03F51AED5A7000F929AF /* Beta */,
			);
			defaultConfigurationIsVisible = 0;
			defaultConfigurationName = Release;
		};
		4F90D6D61AE2E250002D37A1 /* Build configuration list for PBXNativeTarget "ExtendHeadTests" */ = {
			isa = XCConfigurationList;
			buildConfigurations = (
				4F90D6D71AE2E250002D37A1 /* Debug */,
				4F90D6D81AE2E250002D37A1 /* Release */,
				4F2E03F61AED5A7000F929AF /* Beta */,
			);
			defaultConfigurationIsVisible = 0;
			defaultConfigurationName = Release;
		};
/* End XCConfigurationList section */
	};
	rootObject = 4F90D6AC1AE2E24F002D37A1 /* Project object */;
}
